// !$*UTF8*$!
{
	archiveVersion = 1;
	classes = {
	};
	objectVersion = 55;
	objects = {

/* Begin PBXBuildFile section */
		1A5F93DB2F22F36E0086FFAC /* ProductCheckApp.swift in Sources */ = {isa = PBXBuildFile; fileRef = 1A5F93DA2F22F36E0086FFAC /* ProductCheckApp.swift */; };
		1A5F93DD2F22F36E0086FFAC /* ContentView.swift in Sources */ = {isa = PBXBuildFile; fileRef = 1A5F93DC2F22F36E0086FFAC /* ContentView.swift */; };
		1A5F93DF2F22F3770086FFAC /* Assets.xcassets in Resources */ = {isa = PBXBuildFile; fileRef = 1A5F93DE2F22F3770086FFAC /* Assets.xcassets */; };
		1A5F93E22F22F3770086FFAC /* Preview Assets.xcassets in Resources */ = {isa = PBXBuildFile; fileRef = 1A5F93E12F22F3770086FFAC /* Preview Assets.xcassets */; };
		1A5F93EC2F22F3770086FFAC /* ProductCheckTests.swift in Sources */ = {isa = PBXBuildFile; fileRef = 1A5F93EB2F22F3770086FFAC /* ProductCheckTests.swift */; };
		1A5F93F62F22F3770086FFAC /* ProductCheckUITests.swift in Sources */ = {isa = PBXBuildFile; fileRef = 1A5F93F52F22F3770086FFAC /* ProductCheckUITests.swift */; };
		1A5F93F82F22F3770086FFAC /* ProductCheckUITestsLaunchTests.swift in Sources */ = {isa = PBXBuildFile; fileRef = 1A5F93F72F22F3770086FFAC /* ProductCheckUITestsLaunchTests.swift */; };
		1A5F94052F22FD4F0086FFAC /* HomeView.swift in Sources */ = {isa = PBXBuildFile; fileRef = 1A5F94042F22FD4F0086FFAC /* HomeView.swift */; };
/* End PBXBuildFile section */

/* Begin PBXContainerItemProxy section */
		1A5F93E82F22F3770086FFAC /* PBXContainerItemProxy */ = {
			isa = PBXContainerItemProxy;
			containerPortal = 1A5F93CF2F22F36E0086FFAC /* Project object */;
			proxyType = 1;
			remoteGlobalIDString = 1A5F93D62F22F36E0086FFAC;
			remoteInfo = ProductCheck;
		};
		1A5F93F22F22F3770086FFAC /* PBXContainerItemProxy */ = {
			isa = PBXContainerItemProxy;
			containerPortal = 1A5F93CF2F22F36E0086FFAC /* Project object */;
			proxyType = 1;
			remoteGlobalIDString = 1A5F93D62F22F36E0086FFAC;
			remoteInfo = ProductCheck;
		};
/* End PBXContainerItemProxy section */

/* Begin PBXFileReference section */
		1A5F93D72F22F36E0086FFAC /* ProductCheck.app */ = {isa = PBXFileReference; explicitFileType = wrapper.application; includeInIndex = 0; path = ProductCheck.app; sourceTree = BUILT_PRODUCTS_DIR; };
		1A5F93DA2F22F36E0086FFAC /* ProductCheckApp.swift */ = {isa = PBXFileReference; lastKnownFileType = sourcecode.swift; path = ProductCheckApp.swift; sourceTree = "<group>"; };
		1A5F93DC2F22F36E0086FFAC /* ContentView.swift */ = {isa = PBXFileReference; lastKnownFileType = sourcecode.swift; path = ContentView.swift; sourceTree = "<group>"; };
		1A5F93DE2F22F3770086FFAC /* Assets.xcassets */ = {isa = PBXFileReference; lastKnownFileType = folder.assetcatalog; path = Assets.xcassets; sourceTree = "<group>"; };
		1A5F93E12F22F3770086FFAC /* Preview Assets.xcassets */ = {isa = PBXFileReference; lastKnownFileType = folder.assetcatalog; path = "Preview Assets.xcassets"; sourceTree = "<group>"; };
		1A5F93E72F22F3770086FFAC /* ProductCheckTests.xctest */ = {isa = PBXFileReference; explicitFileType = wrapper.cfbundle; includeInIndex = 0; path = ProductCheckTests.xctest; sourceTree = BUILT_PRODUCTS_DIR; };
		1A5F93EB2F22F3770086FFAC /* ProductCheckTests.swift */ = {isa = PBXFileReference; lastKnownFileType = sourcecode.swift; path = ProductCheckTests.swift; sourceTree = "<group>"; };
		1A5F93F12F22F3770086FFAC /* ProductCheckUITests.xctest */ = {isa = PBXFileReference; explicitFileType = wrapper.cfbundle; includeInIndex = 0; path = ProductCheckUITests.xctest; sourceTree = BUILT_PRODUCTS_DIR; };
		1A5F93F52F22F3770086FFAC /* ProductCheckUITests.swift */ = {isa = PBXFileReference; lastKnownFileType = sourcecode.swift; path = ProductCheckUITests.swift; sourceTree = "<group>"; };
		1A5F93F72F22F3770086FFAC /* ProductCheckUITestsLaunchTests.swift */ = {isa = PBXFileReference; lastKnownFileType = sourcecode.swift; path = ProductCheckUITestsLaunchTests.swift; sourceTree = "<group>"; };
		1A5F94042F22FD4F0086FFAC /* HomeView.swift */ = {isa = PBXFileReference; lastKnownFileType = sourcecode.swift; path = HomeView.swift; sourceTree = "<group>"; };
/* End PBXFileReference section */

/* Begin PBXFrameworksBuildPhase section */
		1A5F93D42F22F36E0086FFAC /* Frameworks */ = {
			isa = PBXFrameworksBuildPhase;
			buildActionMask = 2147483647;
			files = (
			);
			runOnlyForDeploymentPostprocessing = 0;
		};
		1A5F93E42F22F3770086FFAC /* Frameworks */ = {
			isa = PBXFrameworksBuildPhase;
			buildActionMask = 2147483647;
			files = (
			);
			runOnlyForDeploymentPostprocessing = 0;
		};
		1A5F93EE2F22F3770086FFAC /* Frameworks */ = {
			isa = PBXFrameworksBuildPhase;
			buildActionMask = 2147483647;
			files = (
			);
			runOnlyForDeploymentPostprocessing = 0;
		};
/* End PBXFrameworksBuildPhase section */

/* Begin PBXGroup section */
		1A5F93CE2F22F36E0086FFAC = {
			isa = PBXGroup;
			children = (
				1A5F93D92F22F36E0086FFAC /* ProductCheck */,
				1A5F93EA2F22F3770086FFAC /* ProductCheckTests */,
				1A5F93F42F22F3770086FFAC /* ProductCheckUITests */,
				1A5F93D82F22F36E0086FFAC /* Products */,
			);
			sourceTree = "<group>";
		};
		1A5F93D82F22F36E0086FFAC /* Products */ = {
			isa = PBXGroup;
			children = (
				1A5F93D72F22F36E0086FFAC /* ProductCheck.app */,
				1A5F93E72F22F3770086FFAC /* ProductCheckTests.xctest */,
				1A5F93F12F22F3770086FFAC /* ProductCheckUITests.xctest */,
			);
			name = Products;
			sourceTree = "<group>";
		};
		1A5F93D92F22F36E0086FFAC /* ProductCheck */ = {
			isa = PBXGroup;
			children = (
				1A5F93DA2F22F36E0086FFAC /* ProductCheckApp.swift */,
				1A5F93DC2F22F36E0086FFAC /* ContentView.swift */,
				1A5F93DE2F22F3770086FFAC /* Assets.xcassets */,
				1A5F93E02F22F3770086FFAC /* Preview Content */,
				1A5F94042F22FD4F0086FFAC /* HomeView.swift */,
			);
			path = ProductCheck;
			sourceTree = "<group>";
		};
		1A5F93E02F22F3770086FFAC /* Preview Content */ = {
			isa = PBXGroup;
			children = (
				1A5F93E12F22F3770086FFAC /* Preview Assets.xcassets */,
			);
			path = "Preview Content";
			sourceTree = "<group>";
		};
		1A5F93EA2F22F3770086FFAC /* ProductCheckTests */ = {
			isa = PBXGroup;
			children = (
				1A5F93EB2F22F3770086FFAC /* ProductCheckTests.swift */,
			);
			path = ProductCheckTests;
			sourceTree = "<group>";
		};
		1A5F93F42F22F3770086FFAC /* ProductCheckUITests */ = {
			isa = PBXGroup;
			children = (
				1A5F93F52F22F3770086FFAC /* ProductCheckUITests.swift */,
				1A5F93F72F22F3770086FFAC /* ProductCheckUITestsLaunchTests.swift */,
			);
			path = ProductCheckUITests;
			sourceTree = "<group>";
		};
/* End PBXGroup section */

/* Begin PBXNativeTarget section */
		1A5F93D62F22F36E0086FFAC /* ProductCheck */ = {
			isa = PBXNativeTarget;
			buildConfigurationList = 1A5F93FB2F22F3770086FFAC /* Build configuration list for PBXNativeTarget "ProductCheck" */;
			buildPhases = (
				1A5F93D32F22F36E0086FFAC /* Sources */,
				1A5F93D42F22F36E0086FFAC /* Frameworks */,
				1A5F93D52F22F36E0086FFAC /* Resources */,
			);
			buildRules = (
			);
			dependencies = (
			);
			name = ProductCheck;
			productName = ProductCheck;
			productReference = 1A5F93D72F22F36E0086FFAC /* ProductCheck.app */;
			productType = "com.apple.product-type.application";
		};
		1A5F93E62F22F3770086FFAC /* ProductCheckTests */ = {
			isa = PBXNativeTarget;
			buildConfigurationList = 1A5F93FE2F22F3770086FFAC /* Build configuration list for PBXNativeTarget "ProductCheckTests" */;
			buildPhases = (
				1A5F93E32F22F3770086FFAC /* Sources */,
				1A5F93E42F22F3770086FFAC /* Frameworks */,
				1A5F93E52F22F3770086FFAC /* Resources */,
			);
			buildRules = (
			);
			dependencies = (
				1A5F93E92F22F3770086FFAC /* PBXTargetDependency */,
			);
			name = ProductCheckTests;
			productName = ProductCheckTests;
			productReference = 1A5F93E72F22F3770086FFAC /* ProductCheckTests.xctest */;
			productType = "com.apple.product-type.bundle.unit-test";
		};
		1A5F93F02F22F3770086FFAC /* ProductCheckUITests */ = {
			isa = PBXNativeTarget;
			buildConfigurationList = 1A5F94012F22F3770086FFAC /* Build configuration list for PBXNativeTarget "ProductCheckUITests" */;
			buildPhases = (
				1A5F93ED2F22F3770086FFAC /* Sources */,
				1A5F93EE2F22F3770086FFAC /* Frameworks */,
				1A5F93EF2F22F3770086FFAC /* Resources */,
			);
			buildRules = (
			);
			dependencies = (
				1A5F93F32F22F3770086FFAC /* PBXTargetDependency */,
			);
			name = ProductCheckUITests;
			productName = ProductCheckUITests;
			productReference = 1A5F93F12F22F3770086FFAC /* ProductCheckUITests.xctest */;
			productType = "com.apple.product-type.bundle.ui-testing";
		};
/* End PBXNativeTarget section */

/* Begin PBXProject section */
		1A5F93CF2F22F36E0086FFAC /* Project object */ = {
			isa = PBXProject;
			attributes = {
				BuildIndependentTargetsInParallel = 1;
				LastSwiftUpdateCheck = 1340;
				LastUpgradeCheck = 1340;
				TargetAttributes = {
					1A5F93D62F22F36E0086FFAC = {
						CreatedOnToolsVersion = 13.4.1;
					};
					1A5F93E62F22F3770086FFAC = {
						CreatedOnToolsVersion = 13.4.1;
						TestTargetID = 1A5F93D62F22F36E0086FFAC;
					};
					1A5F93F02F22F3770086FFAC = {
						CreatedOnToolsVersion = 13.4.1;
						TestTargetID = 1A5F93D62F22F36E0086FFAC;
					};
				};
			};
			buildConfigurationList = 1A5F93D22F22F36E0086FFAC /* Build configuration list for PBXProject "ProductCheck" */;
			compatibilityVersion = "Xcode 13.0";
			developmentRegion = en;
			hasScannedForEncodings = 0;
			knownRegions = (
				en,
				Base,
			);
			mainGroup = 1A5F93CE2F22F36E0086FFAC;
			productRefGroup = 1A5F93D82F22F36E0086FFAC /* Products */;
			projectDirPath = "";
			projectRoot = "";
			targets = (
				1A5F93D62F22F36E0086FFAC /* ProductCheck */,
				1A5F93E62F22F3770086FFAC /* ProductCheckTests */,
				1A5F93F02F22F3770086FFAC /* ProductCheckUITests */,
			);
		};
/* End PBXProject section */

/* Begin PBXResourcesBuildPhase section */
		1A5F93D52F22F36E0086FFAC /* Resources */ = {
			isa = PBXResourcesBuildPhase;
			buildActionMask = 2147483647;
			files = (
				1A5F93E22F22F3770086FFAC /* Preview Assets.xcassets in Resources */,
				1A5F93DF2F22F3770086FFAC /* Assets.xcassets in Resources */,
			);
			runOnlyForDeploymentPostprocessing = 0;
		};
		1A5F93E52F22F3770086FFAC /* Resources */ = {
			isa = PBXResourcesBuildPhase;
			buildActionMask = 2147483647;
			files = (
			);
			runOnlyForDeploymentPostprocessing = 0;
		};
		1A5F93EF2F22F3770086FFAC /* Resources */ = {
			isa = PBXResourcesBuildPhase;
			buildActionMask = 2147483647;
			files = (
			);
			runOnlyForDeploymentPostprocessing = 0;
		};
/* End PBXResourcesBuildPhase section */

/* Begin PBXSourcesBuildPhase section */
		1A5F93D32F22F36E0086FFAC /* Sources */ = {
			isa = PBXSourcesBuildPhase;
			buildActionMask = 2147483647;
			files = (
				1A5F94052F22FD4F0086FFAC /* HomeView.swift in Sources */,
				1A5F93DD2F22F36E0086FFAC /* ContentView.swift in Sources */,
				1A5F93DB2F22F36E0086FFAC /* ProductCheckApp.swift in Sources */,
			);
			runOnlyForDeploymentPostprocessing = 0;
		};
		1A5F93E32F22F3770086FFAC /* Sources */ = {
			isa = PBXSourcesBuildPhase;
			buildActionMask = 2147483647;
			files = (
				1A5F93EC2F22F3770086FFAC /* ProductCheckTests.swift in Sources */,
			);
			runOnlyForDeploymentPostprocessing = 0;
		};
		1A5F93ED2F22F3770086FFAC /* Sources */ = {
			isa = PBXSourcesBuildPhase;
			buildActionMask = 2147483647;
			files = (
				1A5F93F62F22F3770086FFAC /* ProductCheckUITests.swift in Sources */,
				1A5F93F82F22F3770086FFAC /* ProductCheckUITestsLaunchTests.swift in Sources */,
			);
			runOnlyForDeploymentPostprocessing = 0;
		};
/* End PBXSourcesBuildPhase section */

/* Begin PBXTargetDependency section */
		1A5F93E92F22F3770086FFAC /* PBXTargetDependency */ = {
			isa = PBXTargetDependency;
			target = 1A5F93D62F22F36E0086FFAC /* ProductCheck */;
			targetProxy = 1A5F93E82F22F3770086FFAC /* PBXContainerItemProxy */;
		};
		1A5F93F32F22F3770086FFAC /* PBXTargetDependency */ = {
			isa = PBXTargetDependency;
			target = 1A5F93D62F22F36E0086FFAC /* ProductCheck */;
			targetProxy = 1A5F93F22F22F3770086FFAC /* PBXContainerItemProxy */;
		};
/* End PBXTargetDependency section */

/* Begin XCBuildConfiguration section */
		1A5F93F92F22F3770086FFAC /* Debug */ = {
			isa = XCBuildConfiguration;
			buildSettings = {
				ALWAYS_SEARCH_USER_PATHS = NO;
				CLANG_ANALYZER_NONNULL = YES;
				CLANG_ANALYZER_NUMBER_OBJECT_CONVERSION = YES_AGGRESSIVE;
				CLANG_CXX_LANGUAGE_STANDARD = "gnu++17";
				CLANG_ENABLE_MODULES = YES;
				CLANG_ENABLE_OBJC_ARC = YES;
				CLANG_ENABLE_OBJC_WEAK = YES;
				CLANG_WARN_BLOCK_CAPTURE_AUTORELEASING = YES;
				CLANG_WARN_BOOL_CONVERSION = YES;
				CLANG_WARN_COMMA = YES;
				CLANG_WARN_CONSTANT_CONVERSION = YES;
				CLANG_WARN_DEPRECATED_OBJC_IMPLEMENTATIONS = YES;
				CLANG_WARN_DIRECT_OBJC_ISA_USAGE = YES_ERROR;
				CLANG_WARN_DOCUMENTATION_COMMENTS = YES;
				CLANG_WARN_EMPTY_BODY = YES;
				CLANG_WARN_ENUM_CONVERSION = YES;
				CLANG_WARN_INFINITE_RECURSION = YES;
				CLANG_WARN_INT_CONVERSION = YES;
				CLANG_WARN_NON_LITERAL_NULL_CONVERSION = YES;
				CLANG_WARN_OBJC_IMPLICIT_RETAIN_SELF = YES;
				CLANG_WARN_OBJC_LITERAL_CONVERSION = YES;
				CLANG_WARN_OBJC_ROOT_CLASS = YES_ERROR;
				CLANG_WARN_QUOTED_INCLUDE_IN_FRAMEWORK_HEADER = YES;
				CLANG_WARN_RANGE_LOOP_ANALYSIS = YES;
				CLANG_WARN_STRICT_PROTOTYPES = YES;
				CLANG_WARN_SUSPICIOUS_MOVE = YES;
				CLANG_WARN_UNGUARDED_AVAILABILITY = YES_AGGRESSIVE;
				CLANG_WARN_UNREACHABLE_CODE = YES;
				CLANG_WARN__DUPLICATE_METHOD_MATCH = YES;
				COPY_PHASE_STRIP = NO;
				DEBUG_INFORMATION_FORMAT = dwarf;
				ENABLE_STRICT_OBJC_MSGSEND = YES;
				ENABLE_TESTABILITY = YES;
				GCC_C_LANGUAGE_STANDARD = gnu11;
				GCC_DYNAMIC_NO_PIC = NO;
				GCC_NO_COMMON_BLOCKS = YES;
				GCC_OPTIMIZATION_LEVEL = 0;
				GCC_PREPROCESSOR_DEFINITIONS = (
					"DEBUG=1",
					"$(inherited)",
				);
				GCC_WARN_64_TO_32_BIT_CONVERSION = YES;
				GCC_WARN_ABOUT_RETURN_TYPE = YES_ERROR;
				GCC_WARN_UNDECLARED_SELECTOR = YES;
				GCC_WARN_UNINITIALIZED_AUTOS = YES_AGGRESSIVE;
				GCC_WARN_UNUSED_FUNCTION = YES;
				GCC_WARN_UNUSED_VARIABLE = YES;
				IPHONEOS_DEPLOYMENT_TARGET = 15.5;
				MTL_ENABLE_DEBUG_INFO = INCLUDE_SOURCE;
				MTL_FAST_MATH = YES;
				ONLY_ACTIVE_ARCH = YES;
				SDKROOT = iphoneos;
				SWIFT_ACTIVE_COMPILATION_CONDITIONS = DEBUG;
				SWIFT_OPTIMIZATION_LEVEL = "-Onone";
			};
			name = Debug;
		};
		1A5F93FA2F22F3770086FFAC /* Release */ = {
			isa = XCBuildConfiguration;
			buildSettings = {
				ALWAYS_SEARCH_USER_PATHS = NO;
				CLANG_ANALYZER_NONNULL = YES;
				CLANG_ANALYZER_NUMBER_OBJECT_CONVERSION = YES_AGGRESSIVE;
				CLANG_CXX_LANGUAGE_STANDARD = "gnu++17";
				CLANG_ENABLE_MODULES = YES;
				CLANG_ENABLE_OBJC_ARC = YES;
				CLANG_ENABLE_OBJC_WEAK = YES;
				CLANG_WARN_BLOCK_CAPTURE_AUTORELEASING = YES;
				CLANG_WARN_BOOL_CONVERSION = YES;
				CLANG_WARN_COMMA = YES;
				CLANG_WARN_CONSTANT_CONVERSION = YES;
				CLANG_WARN_DEPRECATED_OBJC_IMPLEMENTATIONS = YES;
				CLANG_WARN_DIRECT_OBJC_ISA_USAGE = YES_ERROR;
				CLANG_WARN_DOCUMENTATION_COMMENTS = YES;
				CLANG_WARN_EMPTY_BODY = YES;
				CLANG_WARN_ENUM_CONVERSION = YES;
				CLANG_WARN_INFINITE_RECURSION = YES;
				CLANG_WARN_INT_CONVERSION = YES;
				CLANG_WARN_NON_LITERAL_NULL_CONVERSION = YES;
				CLANG_WARN_OBJC_IMPLICIT_RETAIN_SELF = YES;
				CLANG_WARN_OBJC_LITERAL_CONVERSION = YES;
				CLANG_WARN_OBJC_ROOT_CLASS = YES_ERROR;
				CLANG_WARN_QUOTED_INCLUDE_IN_FRAMEWORK_HEADER = YES;
				CLANG_WARN_RANGE_LOOP_ANALYSIS = YES;
				CLANG_WARN_STRICT_PROTOTYPES = YES;
				CLANG_WARN_SUSPICIOUS_MOVE = YES;
				CLANG_WARN_UNGUARDED_AVAILABILITY = YES_AGGRESSIVE;
				CLANG_WARN_UNREACHABLE_CODE = YES;
				CLANG_WARN__DUPLICATE_METHOD_MATCH = YES;
				COPY_PHASE_STRIP = NO;
				DEBUG_INFORMATION_FORMAT = "dwarf-with-dsym";
				ENABLE_NS_ASSERTIONS = NO;
				ENABLE_STRICT_OBJC_MSGSEND = YES;
				GCC_C_LANGUAGE_STANDARD = gnu11;
				GCC_NO_COMMON_BLOCKS = YES;
				GCC_WARN_64_TO_32_BIT_CONVERSION = YES;
				GCC_WARN_ABOUT_RETURN_TYPE = YES_ERROR;
				GCC_WARN_UNDECLARED_SELECTOR = YES;
				GCC_WARN_UNINITIALIZED_AUTOS = YES_AGGRESSIVE;
				GCC_WARN_UNUSED_FUNCTION = YES;
				GCC_WARN_UNUSED_VARIABLE = YES;
				IPHONEOS_DEPLOYMENT_TARGET = 15.5;
				MTL_ENABLE_DEBUG_INFO = NO;
				MTL_FAST_MATH = YES;
				SDKROOT = iphoneos;
				SWIFT_COMPILATION_MODE = wholemodule;
				SWIFT_OPTIMIZATION_LEVEL = "-O";
				VALIDATE_PRODUCT = YES;
			};
			name = Release;
		};
		1A5F93FC2F22F3770086FFAC /* Debug */ = {
			isa = XCBuildConfiguration;
			buildSettings = {
				ASSETCATALOG_COMPILER_APPICON_NAME = AppIcon;
				ASSETCATALOG_COMPILER_GLOBAL_ACCENT_COLOR_NAME = AccentColor;
				CODE_SIGN_STYLE = Automatic;
				CURRENT_PROJECT_VERSION = 1;
				DEVELOPMENT_ASSET_PATHS = "\"ProductCheck/Preview Content\"";
				ENABLE_PREVIEWS = YES;
				GENERATE_INFOPLIST_FILE = YES;
				INFOPLIST_KEY_UIApplicationSceneManifest_Generation = YES;
				INFOPLIST_KEY_UIApplicationSupportsIndirectInputEvents = YES;
				INFOPLIST_KEY_UILaunchScreen_Generation = YES;
				INFOPLIST_KEY_UISupportedInterfaceOrientations_iPad = "UIInterfaceOrientationPortrait UIInterfaceOrientationPortraitUpsideDown UIInterfaceOrientationLandscapeLeft UIInterfaceOrientationLandscapeRight";
				INFOPLIST_KEY_UISupportedInterfaceOrientations_iPhone = "UIInterfaceOrientationPortrait UIInterfaceOrientationLandscapeLeft UIInterfaceOrientationLandscapeRight";
				LD_RUNPATH_SEARCH_PATHS = (
					"$(inherited)",
					"@executable_path/Frameworks",
				);
				MARKETING_VERSION = 1.0;
				PRODUCT_BUNDLE_IDENTIFIER = com.nicolang.ProductCheck;
				PRODUCT_NAME = "$(TARGET_NAME)";
				SWIFT_EMIT_LOC_STRINGS = YES;
				SWIFT_VERSION = 5.0;
				TARGETED_DEVICE_FAMILY = "1,2";
			};
			name = Debug;
		};
		1A5F93FD2F22F3770086FFAC /* Release */ = {
			isa = XCBuildConfiguration;
			buildSettings = {
				ASSETCATALOG_COMPILER_APPICON_NAME = AppIcon;
				ASSETCATALOG_COMPILER_GLOBAL_ACCENT_COLOR_NAME = AccentColor;
				CODE_SIGN_STYLE = Automatic;
				CURRENT_PROJECT_VERSION = 1;
				DEVELOPMENT_ASSET_PATHS = "\"ProductCheck/Preview Content\"";
				ENABLE_PREVIEWS = YES;
				GENERATE_INFOPLIST_FILE = YES;
				INFOPLIST_KEY_UIApplicationSceneManifest_Generation = YES;
				INFOPLIST_KEY_UIApplicationSupportsIndirectInputEvents = YES;
				INFOPLIST_KEY_UILaunchScreen_Generation = YES;
				INFOPLIST_KEY_UISupportedInterfaceOrientations_iPad = "UIInterfaceOrientationPortrait UIInterfaceOrientationPortraitUpsideDown UIInterfaceOrientationLandscapeLeft UIInterfaceOrientationLandscapeRight";
				INFOPLIST_KEY_UISupportedInterfaceOrientations_iPhone = "UIInterfaceOrientationPortrait UIInterfaceOrientationLandscapeLeft UIInterfaceOrientationLandscapeRight";
				LD_RUNPATH_SEARCH_PATHS = (
					"$(inherited)",
					"@executable_path/Frameworks",
				);
				MARKETING_VERSION = 1.0;
				PRODUCT_BUNDLE_IDENTIFIER = com.nicolang.ProductCheck;
				PRODUCT_NAME = "$(TARGET_NAME)";
				SWIFT_EMIT_LOC_STRINGS = YES;
				SWIFT_VERSION = 5.0;
				TARGETED_DEVICE_FAMILY = "1,2";
			};
			name = Release;
		};
		1A5F93FF2F22F3770086FFAC /* Debug */ = {
			isa = XCBuildConfiguration;
			buildSettings = {
				ALWAYS_EMBED_SWIFT_STANDARD_LIBRARIES = YES;
				BUNDLE_LOADER = "$(TEST_HOST)";
				CODE_SIGN_STYLE = Automatic;
				CURRENT_PROJECT_VERSION = 1;
				GENERATE_INFOPLIST_FILE = YES;
				IPHONEOS_DEPLOYMENT_TARGET = 15.5;
				MARKETING_VERSION = 1.0;
				PRODUCT_BUNDLE_IDENTIFIER = com.nicolang.ProductCheckTests;
				PRODUCT_NAME = "$(TARGET_NAME)";
				SWIFT_EMIT_LOC_STRINGS = NO;
				SWIFT_VERSION = 5.0;
				TARGETED_DEVICE_FAMILY = "1,2";
				TEST_HOST = "$(BUILT_PRODUCTS_DIR)/ProductCheck.app/ProductCheck";
			};
			name = Debug;
		};
		1A5F94002F22F3770086FFAC /* Release */ = {
			isa = XCBuildConfiguration;
			buildSettings = {
				ALWAYS_EMBED_SWIFT_STANDARD_LIBRARIES = YES;
				BUNDLE_LOADER = "$(TEST_HOST)";
				CODE_SIGN_STYLE = Automatic;
				CURRENT_PROJECT_VERSION = 1;
				GENERATE_INFOPLIST_FILE = YES;
				IPHONEOS_DEPLOYMENT_TARGET = 15.5;
				MARKETING_VERSION = 1.0;
				PRODUCT_BUNDLE_IDENTIFIER = com.nicolang.ProductCheckTests;
				PRODUCT_NAME = "$(TARGET_NAME)";
				SWIFT_EMIT_LOC_STRINGS = NO;
				SWIFT_VERSION = 5.0;
				TARGETED_DEVICE_FAMILY = "1,2";
				TEST_HOST = "$(BUILT_PRODUCTS_DIR)/ProductCheck.app/ProductCheck";
			};
			name = Release;
		};
		1A5F94022F22F3770086FFAC /* Debug */ = {
			isa = XCBuildConfiguration;
			buildSettings = {
				ALWAYS_EMBED_SWIFT_STANDARD_LIBRARIES = YES;
				CODE_SIGN_STYLE = Automatic;
				CURRENT_PROJECT_VERSION = 1;
				GENERATE_INFOPLIST_FILE = YES;
				MARKETING_VERSION = 1.0;
				PRODUCT_BUNDLE_IDENTIFIER = com.nicolang.ProductCheckUITests;
				PRODUCT_NAME = "$(TARGET_NAME)";
				SWIFT_EMIT_LOC_STRINGS = NO;
				SWIFT_VERSION = 5.0;
				TARGETED_DEVICE_FAMILY = "1,2";
				TEST_TARGET_NAME = ProductCheck;
			};
			name = Debug;
		};
		1A5F94032F22F3770086FFAC /* Release */ = {
			isa = XCBuildConfiguration;
			buildSettings = {
				ALWAYS_EMBED_SWIFT_STANDARD_LIBRARIES = YES;
				CODE_SIGN_STYLE = Automatic;
				CURRENT_PROJECT_VERSION = 1;
				GENERATE_INFOPLIST_FILE = YES;
				MARKETING_VERSION = 1.0;
				PRODUCT_BUNDLE_IDENTIFIER = com.nicolang.ProductCheckUITests;
				PRODUCT_NAME = "$(TARGET_NAME)";
				SWIFT_EMIT_LOC_STRINGS = NO;
				SWIFT_VERSION = 5.0;
				TARGETED_DEVICE_FAMILY = "1,2";
				TEST_TARGET_NAME = ProductCheck;
			};
			name = Release;
		};
/* End XCBuildConfiguration section */

/* Begin XCConfigurationList section */
		1A5F93D22F22F36E0086FFAC /* Build configuration list for PBXProject "ProductCheck" */ = {
			isa = XCConfigurationList;
			buildConfigurations = (
				1A5F93F92F22F3770086FFAC /* Debug */,
				1A5F93FA2F22F3770086FFAC /* Release */,
			);
			defaultConfigurationIsVisible = 0;
			defaultConfigurationName = Release;
		};
		1A5F93FB2F22F3770086FFAC /* Build configuration list for PBXNativeTarget "ProductCheck" */ = {
			isa = XCConfigurationList;
			buildConfigurations = (
				1A5F93FC2F22F3770086FFAC /* Debug */,
				1A5F93FD2F22F3770086FFAC /* Release */,
			);
			defaultConfigurationIsVisible = 0;
			defaultConfigurationName = Release;
		};
		1A5F93FE2F22F3770086FFAC /* Build configuration list for PBXNativeTarget "ProductCheckTests" */ = {
			isa = XCConfigurationList;
			buildConfigurations = (
				1A5F93FF2F22F3770086FFAC /* Debug */,
				1A5F94002F22F3770086FFAC /* Release */,
			);
			defaultConfigurationIsVisible = 0;
			defaultConfigurationName = Release;
		};
		1A5F94012F22F3770086FFAC /* Build configuration list for PBXNativeTarget "ProductCheckUITests" */ = {
			isa = XCConfigurationList;
			buildConfigurations = (
				1A5F94022F22F3770086FFAC /* Debug */,
				1A5F94032F22F3770086FFAC /* Release */,
			);
			defaultConfigurationIsVisible = 0;
			defaultConfigurationName = Release;
		};
/* End XCConfigurationList section */
	};
	rootObject = 1A5F93CF2F22F36E0086FFAC /* Project object */;
}
